
Microsoft Visual Studio Solution File, Format Version 12.00
# Visual Studio 15
VisualStudioVersion = 15.0.26730.15
MinimumVisualStudioVersion = 10.0.40219.1
Project("{FAE04EC0-301F-11D3-BF4B-00C04F79EFBC}") = "01.Wardrobe", "01.Wardrobe\01.Wardrobe.csproj", "{CAE2CDD7-C816-4132-9DA6-EA466FB21143}"
EndProject
Project("{FAE04EC0-301F-11D3-BF4B-00C04F79EFBC}") = "02.Key-KeyValue-Value", "02.Key-KeyValue-Value\02.Key-KeyValue-Value.csproj", "{35B6AFC1-2F7F-48E2-9977-40AF8255C758}"
EndProject
Project("{FAE04EC0-301F-11D3-BF4B-00C04F79EFBC}") = "03.TravelCompany", "03.TravelCompany\03.TravelCompany.csproj", "{C1F47919-A6F7-440E-B2FB-23DAE7EEE038}"
EndProject
Project("{FAE04EC0-301F-11D3-BF4B-00C04F79EFBC}") = "04.Shellbound", "04.Shellbound\04.Shellbound.csproj", "{A59EEAC5-1447-40FA-BE22-B457249FDBE6}"
EndProject
Project("{FAE04EC0-301F-11D3-BF4B-00C04F79EFBC}") = "05.Dict-RefAdvanced", "05.Dict-RefAdvanced\05.Dict-RefAdvanced.csproj", "{15CDCB56-2F9A-4A06-97CE-326F8D347DD6}"
EndProject
Project("{FAE04EC0-301F-11D3-BF4B-00C04F79EFBC}") = "Demo", "Demo\Demo.csproj", "{CDB8E135-8A43-482F-9545-EF32092F39C6}"
EndProject
Project("{FAE04EC0-301F-11D3-BF4B-00C04F79EFBC}") = "06.ForumTopics", "06.ForumTopics\06.ForumTopics.csproj", "{C5989A95-587D-4F0C-9FD4-00F26D9F814F}"
EndProject
Global
	GlobalSection(SolutionConfigurationPlatforms) = preSolution
		Debug|Any CPU = Debug|Any CPU
		Release|Any CPU = Release|Any CPU
	EndGlobalSection
	GlobalSection(ProjectConfigurationPlatforms) = postSolution
		{CAE2CDD7-C816-4132-9DA6-EA466FB21143}.Debug|Any CPU.ActiveCfg = Debug|Any CPU
		{CAE2CDD7-C816-4132-9DA6-EA466FB21143}.Debug|Any CPU.Build.0 = Debug|Any CPU
		{CAE2CDD7-C816-4132-9DA6-EA466FB21143}.Release|Any CPU.ActiveCfg = Release|Any CPU
		{CAE2CDD7-C816-4132-9DA6-EA466FB21143}.Release|Any CPU.Build.0 = Release|Any CPU
		{35B6AFC1-2F7F-48E2-9977-40AF8255C758}.Debug|Any CPU.ActiveCfg = Debug|Any CPU
		{35B6AFC1-2F7F-48E2-9977-40AF8255C758}.Debug|Any CPU.Build.0 = Debug|Any CPU
		{35B6AFC1-2F7F-48E2-9977-40AF8255C758}.Release|Any CPU.ActiveCfg = Release|Any CPU
		{35B6AFC1-2F7F-48E2-9977-40AF8255C758}.Release|Any CPU.Build.0 = Release|Any CPU
		{C1F47919-A6F7-440E-B2FB-23DAE7EEE038}.Debug|Any CPU.ActiveCfg = Debug|Any CPU
		{C1F47919-A6F7-440E-B2FB-23DAE7EEE038}.Debug|Any CPU.Build.0 = Debug|Any CPU
		{C1F47919-A6F7-440E-B2FB-23DAE7EEE038}.Release|Any CPU.ActiveCfg = Release|Any CPU
		{C1F47919-A6F7-440E-B2FB-23DAE7EEE038}.Release|Any CPU.Build.0 = Release|Any CPU
		{A59EEAC5-1447-40FA-BE22-B457249FDBE6}.Debug|Any CPU.ActiveCfg = Debug|Any CPU
		{A59EEAC5-1447-40FA-BE22-B457249FDBE6}.Debug|Any CPU.Build.0 = Debug|Any CPU
		{A59EEAC5-1447-40FA-BE22-B457249FDBE6}.Release|Any CPU.ActiveCfg = Release|Any CPU
		{A59EEAC5-1447-40FA-BE22-B457249FDBE6}.Release|Any CPU.Build.0 = Release|Any CPU
		{15CDCB56-2F9A-4A06-97CE-326F8D347DD6}.Debug|Any CPU.ActiveCfg = Debug|Any CPU
		{15CDCB56-2F9A-4A06-97CE-326F8D347DD6}.Debug|Any CPU.Build.0 = Debug|Any CPU
		{15CDCB56-2F9A-4A06-97CE-326F8D347DD6}.Release|Any CPU.ActiveCfg = Release|Any CPU
		{15CDCB56-2F9A-4A06-97CE-326F8D347DD6}.Release|Any CPU.Build.0 = Release|Any CPU
		{CDB8E135-8A43-482F-9545-EF32092F39C6}.Debug|Any CPU.ActiveCfg = Debug|Any CPU
		{CDB8E135-8A43-482F-9545-EF32092F39C6}.Debug|Any CPU.Build.0 = Debug|Any CPU
		{CDB8E135-8A43-482F-9545-EF32092F39C6}.Release|Any CPU.ActiveCfg = Release|Any CPU
		{CDB8E135-8A43-482F-9545-EF32092F39C6}.Release|Any CPU.Build.0 = Release|Any CPU
		{C5989A95-587D-4F0C-9FD4-00F26D9F814F}.Debug|Any CPU.ActiveCfg = Debug|Any CPU
		{C5989A95-587D-4F0C-9FD4-00F26D9F814F}.Debug|Any CPU.Build.0 = Debug|Any CPU
		{C5989A95-587D-4F0C-9FD4-00F26D9F814F}.Release|Any CPU.ActiveCfg = Release|Any CPU
		{C5989A95-587D-4F0C-9FD4-00F26D9F814F}.Release|Any CPU.Build.0 = Release|Any CPU
	EndGlobalSection
	GlobalSection(SolutionProperties) = preSolution
		HideSolutionNode = FALSE
	EndGlobalSection
	GlobalSection(ExtensibilityGlobals) = postSolution
		SolutionGuid = {249F3678-2127-4D11-BFD3-FA5F93D8C6E1}
	EndGlobalSection
EndGlobal
