
Microsoft Visual Studio Solution File, Format Version 12.00
# Visual Studio 15
VisualStudioVersion = 15.0.26730.15
MinimumVisualStudioVersion = 10.0.40219.1
Project("{FAE04EC0-301F-11D3-BF4B-00C04F79EFBC}") = "01.RainDrops", "ConsoleApp1\01.RainDrops.csproj", "{E8C6597E-9737-49CD-8414-5A1D4E8FE352}"
EndProject
Project("{FAE04EC0-301F-11D3-BF4B-00C04F79EFBC}") = "02.Rainer", "02.Rainer\02.Rainer.csproj", "{26ED4E6F-C9E4-40A6-8234-CF0F405CB722}"
EndProject
Project("{FAE04EC0-301F-11D3-BF4B-00C04F79EFBC}") = "03.RainCast", "03.RainCast\03.RainCast.csproj", "{7F6ED869-49EC-4BF4-BADD-138FC99EBFC9}"
EndProject
Project("{FAE04EC0-301F-11D3-BF4B-00C04F79EFBC}") = "04.RainAir", "04.RainAir\04.RainAir.csproj", "{47D76A33-2DA7-43F1-AB03-4F3534225E42}"
EndProject
Global
	GlobalSection(SolutionConfigurationPlatforms) = preSolution
		Debug|Any CPU = Debug|Any CPU
		Release|Any CPU = Release|Any CPU
	EndGlobalSection
	GlobalSection(ProjectConfigurationPlatforms) = postSolution
		{E8C6597E-9737-49CD-8414-5A1D4E8FE352}.Debug|Any CPU.ActiveCfg = Debug|Any CPU
		{E8C6597E-9737-49CD-8414-5A1D4E8FE352}.Debug|Any CPU.Build.0 = Debug|Any CPU
		{E8C6597E-9737-49CD-8414-5A1D4E8FE352}.Release|Any CPU.ActiveCfg = Release|Any CPU
		{E8C6597E-9737-49CD-8414-5A1D4E8FE352}.Release|Any CPU.Build.0 = Release|Any CPU
		{26ED4E6F-C9E4-40A6-8234-CF0F405CB722}.Debug|Any CPU.ActiveCfg = Debug|Any CPU
		{26ED4E6F-C9E4-40A6-8234-CF0F405CB722}.Debug|Any CPU.Build.0 = Debug|Any CPU
		{26ED4E6F-C9E4-40A6-8234-CF0F405CB722}.Release|Any CPU.ActiveCfg = Release|Any CPU
		{26ED4E6F-C9E4-40A6-8234-CF0F405CB722}.Release|Any CPU.Build.0 = Release|Any CPU
		{7F6ED869-49EC-4BF4-BADD-138FC99EBFC9}.Debug|Any CPU.ActiveCfg = Debug|Any CPU
		{7F6ED869-49EC-4BF4-BADD-138FC99EBFC9}.Debug|Any CPU.Build.0 = Debug|Any CPU
		{7F6ED869-49EC-4BF4-BADD-138FC99EBFC9}.Release|Any CPU.ActiveCfg = Release|Any CPU
		{7F6ED869-49EC-4BF4-BADD-138FC99EBFC9}.Release|Any CPU.Build.0 = Release|Any CPU
		{47D76A33-2DA7-43F1-AB03-4F3534225E42}.Debug|Any CPU.ActiveCfg = Debug|Any CPU
		{47D76A33-2DA7-43F1-AB03-4F3534225E42}.Debug|Any CPU.Build.0 = Debug|Any CPU
		{47D76A33-2DA7-43F1-AB03-4F3534225E42}.Release|Any CPU.ActiveCfg = Release|Any CPU
		{47D76A33-2DA7-43F1-AB03-4F3534225E42}.Release|Any CPU.Build.0 = Release|Any CPU
	EndGlobalSection
	GlobalSection(SolutionProperties) = preSolution
		HideSolutionNode = FALSE
	EndGlobalSection
	GlobalSection(ExtensibilityGlobals) = postSolution
		SolutionGuid = {4B44DE73-94A9-4D65-95D9-B32AD8DE0F9C}
	EndGlobalSection
EndGlobal
