
Microsoft Visual Studio Solution File, Format Version 12.00
# Visual Studio 15
VisualStudioVersion = 15.0.26730.15
MinimumVisualStudioVersion = 10.0.40219.1
Project("{FAE04EC0-301F-11D3-BF4B-00C04F79EFBC}") = "01.SweetDesert", "01.SweetDesert\01.SweetDesert.csproj", "{45A7604B-4554-4200-B42D-C89EC0A6D0EC}"
EndProject
Project("{FAE04EC0-301F-11D3-BF4B-00C04F79EFBC}") = "02.ArrayManipulator", "02.ArrayManipulator\02.ArrayManipulator.csproj", "{BCFCF971-B568-48D2-AA2B-181C64FB3C17}"
EndProject
Project("{FAE04EC0-301F-11D3-BF4B-00C04F79EFBC}") = "01.SplinterTrip", "01.SplinterTrip\01.SplinterTrip.csproj", "{C24F49F8-E873-4CF8-9529-2C1F3AD65A4C}"
EndProject
Project("{FAE04EC0-301F-11D3-BF4B-00C04F79EFBC}") = "02.SpyGram", "02.SpyGram\02.SpyGram.csproj", "{D9BA5C61-1E23-4043-8582-8ABAEFBE9DCD}"
EndProject
Global
	GlobalSection(SolutionConfigurationPlatforms) = preSolution
		Debug|Any CPU = Debug|Any CPU
		Release|Any CPU = Release|Any CPU
	EndGlobalSection
	GlobalSection(ProjectConfigurationPlatforms) = postSolution
		{45A7604B-4554-4200-B42D-C89EC0A6D0EC}.Debug|Any CPU.ActiveCfg = Debug|Any CPU
		{45A7604B-4554-4200-B42D-C89EC0A6D0EC}.Debug|Any CPU.Build.0 = Debug|Any CPU
		{45A7604B-4554-4200-B42D-C89EC0A6D0EC}.Release|Any CPU.ActiveCfg = Release|Any CPU
		{45A7604B-4554-4200-B42D-C89EC0A6D0EC}.Release|Any CPU.Build.0 = Release|Any CPU
		{BCFCF971-B568-48D2-AA2B-181C64FB3C17}.Debug|Any CPU.ActiveCfg = Debug|Any CPU
		{BCFCF971-B568-48D2-AA2B-181C64FB3C17}.Debug|Any CPU.Build.0 = Debug|Any CPU
		{BCFCF971-B568-48D2-AA2B-181C64FB3C17}.Release|Any CPU.ActiveCfg = Release|Any CPU
		{BCFCF971-B568-48D2-AA2B-181C64FB3C17}.Release|Any CPU.Build.0 = Release|Any CPU
		{C24F49F8-E873-4CF8-9529-2C1F3AD65A4C}.Debug|Any CPU.ActiveCfg = Debug|Any CPU
		{C24F49F8-E873-4CF8-9529-2C1F3AD65A4C}.Debug|Any CPU.Build.0 = Debug|Any CPU
		{C24F49F8-E873-4CF8-9529-2C1F3AD65A4C}.Release|Any CPU.ActiveCfg = Release|Any CPU
		{C24F49F8-E873-4CF8-9529-2C1F3AD65A4C}.Release|Any CPU.Build.0 = Release|Any CPU
		{D9BA5C61-1E23-4043-8582-8ABAEFBE9DCD}.Debug|Any CPU.ActiveCfg = Debug|Any CPU
		{D9BA5C61-1E23-4043-8582-8ABAEFBE9DCD}.Debug|Any CPU.Build.0 = Debug|Any CPU
		{D9BA5C61-1E23-4043-8582-8ABAEFBE9DCD}.Release|Any CPU.ActiveCfg = Release|Any CPU
		{D9BA5C61-1E23-4043-8582-8ABAEFBE9DCD}.Release|Any CPU.Build.0 = Release|Any CPU
	EndGlobalSection
	GlobalSection(SolutionProperties) = preSolution
		HideSolutionNode = FALSE
	EndGlobalSection
	GlobalSection(ExtensibilityGlobals) = postSolution
		SolutionGuid = {5D749D70-34F1-4ED6-8CDC-B63DD0F84B1E}
	EndGlobalSection
EndGlobal
