
Microsoft Visual Studio Solution File, Format Version 12.00
# Visual Studio 15
VisualStudioVersion = 15.0.26730.15
MinimumVisualStudioVersion = 10.0.40219.1
Project("{FAE04EC0-301F-11D3-BF4B-00C04F79EFBC}") = "01.1. Last3ConsecutiveEqualStrings", "01.1. Last3ConsecutiveEqualStrings\01.1. Last3ConsecutiveEqualStrings.csproj", "{E7AAF469-B4BF-4264-8B96-C1805B5307C9}"
EndProject
Global
	GlobalSection(SolutionConfigurationPlatforms) = preSolution
		Debug|Any CPU = Debug|Any CPU
		Release|Any CPU = Release|Any CPU
	EndGlobalSection
	GlobalSection(ProjectConfigurationPlatforms) = postSolution
		{E7AAF469-B4BF-4264-8B96-C1805B5307C9}.Debug|Any CPU.ActiveCfg = Debug|Any CPU
		{E7AAF469-B4BF-4264-8B96-C1805B5307C9}.Debug|Any CPU.Build.0 = Debug|Any CPU
		{E7AAF469-B4BF-4264-8B96-C1805B5307C9}.Release|Any CPU.ActiveCfg = Release|Any CPU
		{E7AAF469-B4BF-4264-8B96-C1805B5307C9}.Release|Any CPU.Build.0 = Release|Any CPU
	EndGlobalSection
	GlobalSection(SolutionProperties) = preSolution
		HideSolutionNode = FALSE
	EndGlobalSection
	GlobalSection(ExtensibilityGlobals) = postSolution
		SolutionGuid = {C67E02CC-E02B-4D79-A899-F413B88E5901}
	EndGlobalSection
EndGlobal
