
Microsoft Visual Studio Solution File, Format Version 12.00
# Visual Studio 15
VisualStudioVersion = 15.0.26730.15
MinimumVisualStudioVersion = 10.0.40219.1
Project("{FAE04EC0-301F-11D3-BF4B-00C04F79EFBC}") = "01.Trainegram", "01.Trainegram\01.Trainegram.csproj", "{803290A3-2503-4184-B8E7-905300F4F31A}"
EndProject
Project("{FAE04EC0-301F-11D3-BF4B-00C04F79EFBC}") = "02.AnonymousVox", "02.AnonymousVox\02.AnonymousVox.csproj", "{7913D7E5-220D-441E-A0E1-B1F3ACE99F75}"
EndProject
Project("{FAE04EC0-301F-11D3-BF4B-00C04F79EFBC}") = "03.HornetComm", "03.HornetComm\03.HornetComm.csproj", "{F65C24AE-0172-459F-90C2-3BA903B22FB4}"
EndProject
Global
	GlobalSection(SolutionConfigurationPlatforms) = preSolution
		Debug|Any CPU = Debug|Any CPU
		Release|Any CPU = Release|Any CPU
	EndGlobalSection
	GlobalSection(ProjectConfigurationPlatforms) = postSolution
		{803290A3-2503-4184-B8E7-905300F4F31A}.Debug|Any CPU.ActiveCfg = Debug|Any CPU
		{803290A3-2503-4184-B8E7-905300F4F31A}.Debug|Any CPU.Build.0 = Debug|Any CPU
		{803290A3-2503-4184-B8E7-905300F4F31A}.Release|Any CPU.ActiveCfg = Release|Any CPU
		{803290A3-2503-4184-B8E7-905300F4F31A}.Release|Any CPU.Build.0 = Release|Any CPU
		{7913D7E5-220D-441E-A0E1-B1F3ACE99F75}.Debug|Any CPU.ActiveCfg = Debug|Any CPU
		{7913D7E5-220D-441E-A0E1-B1F3ACE99F75}.Debug|Any CPU.Build.0 = Debug|Any CPU
		{7913D7E5-220D-441E-A0E1-B1F3ACE99F75}.Release|Any CPU.ActiveCfg = Release|Any CPU
		{7913D7E5-220D-441E-A0E1-B1F3ACE99F75}.Release|Any CPU.Build.0 = Release|Any CPU
		{F65C24AE-0172-459F-90C2-3BA903B22FB4}.Debug|Any CPU.ActiveCfg = Debug|Any CPU
		{F65C24AE-0172-459F-90C2-3BA903B22FB4}.Debug|Any CPU.Build.0 = Debug|Any CPU
		{F65C24AE-0172-459F-90C2-3BA903B22FB4}.Release|Any CPU.ActiveCfg = Release|Any CPU
		{F65C24AE-0172-459F-90C2-3BA903B22FB4}.Release|Any CPU.Build.0 = Release|Any CPU
	EndGlobalSection
	GlobalSection(SolutionProperties) = preSolution
		HideSolutionNode = FALSE
	EndGlobalSection
	GlobalSection(ExtensibilityGlobals) = postSolution
		SolutionGuid = {AEBA916D-9246-4A17-BDE1-8EA4A82095F5}
	EndGlobalSection
EndGlobal
